// !$*UTF8*$!
{
	archiveVersion = 1;
	classes = {
	};
	objectVersion = 50;
	objects = {

/* Begin PBXBuildFile section */
		C10ACD4924806DB20013A04D /* AppDelegate.swift in Sources */ = {isa = PBXBuildFile; fileRef = C10ACD4824806DB20013A04D /* AppDelegate.swift */; };
		C10ACD4B24806DB20013A04D /* ViewController.swift in Sources */ = {isa = PBXBuildFile; fileRef = C10ACD4A24806DB20013A04D /* ViewController.swift */; };
		C10ACD4D24806DBE0013A04D /* Assets.xcassets in Resources */ = {isa = PBXBuildFile; fileRef = C10ACD4C24806DBE0013A04D /* Assets.xcassets */; };
		C10ACD5024806DBE0013A04D /* Main.storyboard in Resources */ = {isa = PBXBuildFile; fileRef = C10ACD4E24806DBE0013A04D /* Main.storyboard */; };
		C10ACD592480AF4E0013A04D /* Feed.swift in Sources */ = {isa = PBXBuildFile; fileRef = C10ACD582480AF4E0013A04D /* Feed.swift */; };
		C10ACD5B2480E81B0013A04D /* FeedItem.swift in Sources */ = {isa = PBXBuildFile; fileRef = C10ACD5A2480E81B0013A04D /* FeedItem.swift */; };
/* End PBXBuildFile section */

/* Begin PBXFileReference section */
		C10ACD4524806DB20013A04D /* Curator.app */ = {isa = PBXFileReference; explicitFileType = wrapper.application; includeInIndex = 0; path = Curator.app; sourceTree = BUILT_PRODUCTS_DIR; };
		C10ACD4824806DB20013A04D /* AppDelegate.swift */ = {isa = PBXFileReference; lastKnownFileType = sourcecode.swift; path = AppDelegate.swift; sourceTree = "<group>"; };
		C10ACD4A24806DB20013A04D /* ViewController.swift */ = {isa = PBXFileReference; lastKnownFileType = sourcecode.swift; path = ViewController.swift; sourceTree = "<group>"; };
		C10ACD4C24806DBE0013A04D /* Assets.xcassets */ = {isa = PBXFileReference; lastKnownFileType = folder.assetcatalog; path = Assets.xcassets; sourceTree = "<group>"; };
		C10ACD4F24806DBE0013A04D /* Base */ = {isa = PBXFileReference; lastKnownFileType = file.storyboard; name = Base; path = Base.lproj/Main.storyboard; sourceTree = "<group>"; };
		C10ACD5124806DBE0013A04D /* Info.plist */ = {isa = PBXFileReference; lastKnownFileType = text.plist.xml; path = Info.plist; sourceTree = "<group>"; };
		C10ACD5224806DBE0013A04D /* Curator.entitlements */ = {isa = PBXFileReference; lastKnownFileType = text.plist.entitlements; path = Curator.entitlements; sourceTree = "<group>"; };
		C10ACD582480AF4E0013A04D /* Feed.swift */ = {isa = PBXFileReference; lastKnownFileType = sourcecode.swift; path = Feed.swift; sourceTree = "<group>"; };
		C10ACD5A2480E81B0013A04D /* FeedItem.swift */ = {isa = PBXFileReference; lastKnownFileType = sourcecode.swift; path = FeedItem.swift; sourceTree = "<group>"; };
/* End PBXFileReference section */

/* Begin PBXFrameworksBuildPhase section */
		C10ACD4224806DB20013A04D /* Frameworks */ = {
			isa = PBXFrameworksBuildPhase;
			buildActionMask = 2147483647;
			files = (
			);
			runOnlyForDeploymentPostprocessing = 0;
		};
/* End PBXFrameworksBuildPhase section */

/* Begin PBXGroup section */
		C10ACD3C24806DB20013A04D = {
			isa = PBXGroup;
			children = (
				C10ACD4724806DB20013A04D /* Curator */,
				C10ACD4624806DB20013A04D /* Products */,
			);
			sourceTree = "<group>";
		};
		C10ACD4624806DB20013A04D /* Products */ = {
			isa = PBXGroup;
			children = (
				C10ACD4524806DB20013A04D /* Curator.app */,
			);
			name = Products;
			sourceTree = "<group>";
		};
		C10ACD4724806DB20013A04D /* Curator */ = {
			isa = PBXGroup;
			children = (
				C10ACD4824806DB20013A04D /* AppDelegate.swift */,
				C10ACD4A24806DB20013A04D /* ViewController.swift */,
				C10ACD4C24806DBE0013A04D /* Assets.xcassets */,
				C10ACD4E24806DBE0013A04D /* Main.storyboard */,
				C10ACD5124806DBE0013A04D /* Info.plist */,
				C10ACD5224806DBE0013A04D /* Curator.entitlements */,
				C10ACD5C2480EAC90013A04D /* Model */,
			);
			path = Curator;
			sourceTree = "<group>";
		};
		C10ACD5C2480EAC90013A04D /* Model */ = {
			isa = PBXGroup;
			children = (
				C10ACD582480AF4E0013A04D /* Feed.swift */,
				C10ACD5A2480E81B0013A04D /* FeedItem.swift */,
			);
			path = Model;
			sourceTree = "<group>";
		};
/* End PBXGroup section */

/* Begin PBXNativeTarget section */
		C10ACD4424806DB20013A04D /* Curator */ = {
			isa = PBXNativeTarget;
			buildConfigurationList = C10ACD5524806DBE0013A04D /* Build configuration list for PBXNativeTarget "Curator" */;
			buildPhases = (
				C10ACD4124806DB20013A04D /* Sources */,
				C10ACD4224806DB20013A04D /* Frameworks */,
				C10ACD4324806DB20013A04D /* Resources */,
			);
			buildRules = (
			);
			dependencies = (
			);
			name = Curator;
			productName = Curator;
			productReference = C10ACD4524806DB20013A04D /* Curator.app */;
			productType = "com.apple.product-type.application";
		};
/* End PBXNativeTarget section */

/* Begin PBXProject section */
		C10ACD3D24806DB20013A04D /* Project object */ = {
			isa = PBXProject;
			attributes = {
				LastSwiftUpdateCheck = 1150;
				LastUpgradeCheck = 1150;
				ORGANIZATIONNAME = "Germán Santos Jaimes";
				TargetAttributes = {
					C10ACD4424806DB20013A04D = {
						CreatedOnToolsVersion = 11.5;
					};
				};
			};
			buildConfigurationList = C10ACD4024806DB20013A04D /* Build configuration list for PBXProject "Curator" */;
			compatibilityVersion = "Xcode 9.3";
			developmentRegion = en;
			hasScannedForEncodings = 0;
			knownRegions = (
				en,
				Base,
			);
			mainGroup = C10ACD3C24806DB20013A04D;
			productRefGroup = C10ACD4624806DB20013A04D /* Products */;
			projectDirPath = "";
			projectRoot = "";
			targets = (
				C10ACD4424806DB20013A04D /* Curator */,
			);
		};
/* End PBXProject section */

/* Begin PBXResourcesBuildPhase section */
		C10ACD4324806DB20013A04D /* Resources */ = {
			isa = PBXResourcesBuildPhase;
			buildActionMask = 2147483647;
			files = (
				C10ACD4D24806DBE0013A04D /* Assets.xcassets in Resources */,
				C10ACD5024806DBE0013A04D /* Main.storyboard in Resources */,
			);
			runOnlyForDeploymentPostprocessing = 0;
		};
/* End PBXResourcesBuildPhase section */

/* Begin PBXSourcesBuildPhase section */
		C10ACD4124806DB20013A04D /* Sources */ = {
			isa = PBXSourcesBuildPhase;
			buildActionMask = 2147483647;
			files = (
				C10ACD5B2480E81B0013A04D /* FeedItem.swift in Sources */,
				C10ACD4B24806DB20013A04D /* ViewController.swift in Sources */,
				C10ACD4924806DB20013A04D /* AppDelegate.swift in Sources */,
				C10ACD592480AF4E0013A04D /* Feed.swift in Sources */,
			);
			runOnlyForDeploymentPostprocessing = 0;
		};
/* End PBXSourcesBuildPhase section */

/* Begin PBXVariantGroup section */
		C10ACD4E24806DBE0013A04D /* Main.storyboard */ = {
			isa = PBXVariantGroup;
			children = (
				C10ACD4F24806DBE0013A04D /* Base */,
			);
			name = Main.storyboard;
			sourceTree = "<group>";
		};
/* End PBXVariantGroup section */

/* Begin XCBuildConfiguration section */
		C10ACD5324806DBE0013A04D /* Debug */ = {
			isa = XCBuildConfiguration;
			buildSettings = {
				ALWAYS_SEARCH_USER_PATHS = NO;
				CLANG_ANALYZER_NONNULL = YES;
				CLANG_ANALYZER_NUMBER_OBJECT_CONVERSION = YES_AGGRESSIVE;
				CLANG_CXX_LANGUAGE_STANDARD = "gnu++14";
				CLANG_CXX_LIBRARY = "libc++";
				CLANG_ENABLE_MODULES = YES;
				CLANG_ENABLE_OBJC_ARC = YES;
				CLANG_ENABLE_OBJC_WEAK = YES;
				CLANG_WARN_BLOCK_CAPTURE_AUTORELEASING = YES;
				CLANG_WARN_BOOL_CONVERSION = YES;
				CLANG_WARN_COMMA = YES;
				CLANG_WARN_CONSTANT_CONVERSION = YES;
				CLANG_WARN_DEPRECATED_OBJC_IMPLEMENTATIONS = YES;
				CLANG_WARN_DIRECT_OBJC_ISA_USAGE = YES_ERROR;
				CLANG_WARN_DOCUMENTATION_COMMENTS = YES;
				CLANG_WARN_EMPTY_BODY = YES;
				CLANG_WARN_ENUM_CONVERSION = YES;
				CLANG_WARN_INFINITE_RECURSION = YES;
				CLANG_WARN_INT_CONVERSION = YES;
				CLANG_WARN_NON_LITERAL_NULL_CONVERSION = YES;
				CLANG_WARN_OBJC_IMPLICIT_RETAIN_SELF = YES;
				CLANG_WARN_OBJC_LITERAL_CONVERSION = YES;
				CLANG_WARN_OBJC_ROOT_CLASS = YES_ERROR;
				CLANG_WARN_RANGE_LOOP_ANALYSIS = YES;
				CLANG_WARN_STRICT_PROTOTYPES = YES;
				CLANG_WARN_SUSPICIOUS_MOVE = YES;
				CLANG_WARN_UNGUARDED_AVAILABILITY = YES_AGGRESSIVE;
				CLANG_WARN_UNREACHABLE_CODE = YES;
				CLANG_WARN__DUPLICATE_METHOD_MATCH = YES;
				COPY_PHASE_STRIP = NO;
				DEBUG_INFORMATION_FORMAT = dwarf;
				ENABLE_STRICT_OBJC_MSGSEND = YES;
				ENABLE_TESTABILITY = YES;
				GCC_C_LANGUAGE_STANDARD = gnu11;
				GCC_DYNAMIC_NO_PIC = NO;
				GCC_NO_COMMON_BLOCKS = YES;
				GCC_OPTIMIZATION_LEVEL = 0;
				GCC_PREPROCESSOR_DEFINITIONS = (
					"DEBUG=1",
					"$(inherited)",
				);
				GCC_WARN_64_TO_32_BIT_CONVERSION = YES;
				GCC_WARN_ABOUT_RETURN_TYPE = YES_ERROR;
				GCC_WARN_UNDECLARED_SELECTOR = YES;
				GCC_WARN_UNINITIALIZED_AUTOS = YES_AGGRESSIVE;
				GCC_WARN_UNUSED_FUNCTION = YES;
				GCC_WARN_UNUSED_VARIABLE = YES;
				MACOSX_DEPLOYMENT_TARGET = 10.15;
				MTL_ENABLE_DEBUG_INFO = INCLUDE_SOURCE;
				MTL_FAST_MATH = YES;
				ONLY_ACTIVE_ARCH = YES;
				SDKROOT = macosx;
				SWIFT_ACTIVE_COMPILATION_CONDITIONS = DEBUG;
				SWIFT_OPTIMIZATION_LEVEL = "-Onone";
			};
			name = Debug;
		};
		C10ACD5424806DBE0013A04D /* Release */ = {
			isa = XCBuildConfiguration;
			buildSettings = {
				ALWAYS_SEARCH_USER_PATHS = NO;
				CLANG_ANALYZER_NONNULL = YES;
				CLANG_ANALYZER_NUMBER_OBJECT_CONVERSION = YES_AGGRESSIVE;
				CLANG_CXX_LANGUAGE_STANDARD = "gnu++14";
				CLANG_CXX_LIBRARY = "libc++";
				CLANG_ENABLE_MODULES = YES;
				CLANG_ENABLE_OBJC_ARC = YES;
				CLANG_ENABLE_OBJC_WEAK = YES;
				CLANG_WARN_BLOCK_CAPTURE_AUTORELEASING = YES;
				CLANG_WARN_BOOL_CONVERSION = YES;
				CLANG_WARN_COMMA = YES;
				CLANG_WARN_CONSTANT_CONVERSION = YES;
				CLANG_WARN_DEPRECATED_OBJC_IMPLEMENTATIONS = YES;
				CLANG_WARN_DIRECT_OBJC_ISA_USAGE = YES_ERROR;
				CLANG_WARN_DOCUMENTATION_COMMENTS = YES;
				CLANG_WARN_EMPTY_BODY = YES;
				CLANG_WARN_ENUM_CONVERSION = YES;
				CLANG_WARN_INFINITE_RECURSION = YES;
				CLANG_WARN_INT_CONVERSION = YES;
				CLANG_WARN_NON_LITERAL_NULL_CONVERSION = YES;
				CLANG_WARN_OBJC_IMPLICIT_RETAIN_SELF = YES;
				CLANG_WARN_OBJC_LITERAL_CONVERSION = YES;
				CLANG_WARN_OBJC_ROOT_CLASS = YES_ERROR;
				CLANG_WARN_RANGE_LOOP_ANALYSIS = YES;
				CLANG_WARN_STRICT_PROTOTYPES = YES;
				CLANG_WARN_SUSPICIOUS_MOVE = YES;
				CLANG_WARN_UNGUARDED_AVAILABILITY = YES_AGGRESSIVE;
				CLANG_WARN_UNREACHABLE_CODE = YES;
				CLANG_WARN__DUPLICATE_METHOD_MATCH = YES;
				COPY_PHASE_STRIP = NO;
				DEBUG_INFORMATION_FORMAT = "dwarf-with-dsym";
				ENABLE_NS_ASSERTIONS = NO;
				ENABLE_STRICT_OBJC_MSGSEND = YES;
				GCC_C_LANGUAGE_STANDARD = gnu11;
				GCC_NO_COMMON_BLOCKS = YES;
				GCC_WARN_64_TO_32_BIT_CONVERSION = YES;
				GCC_WARN_ABOUT_RETURN_TYPE = YES_ERROR;
				GCC_WARN_UNDECLARED_SELECTOR = YES;
				GCC_WARN_UNINITIALIZED_AUTOS = YES_AGGRESSIVE;
				GCC_WARN_UNUSED_FUNCTION = YES;
				GCC_WARN_UNUSED_VARIABLE = YES;
				MACOSX_DEPLOYMENT_TARGET = 10.15;
				MTL_ENABLE_DEBUG_INFO = NO;
				MTL_FAST_MATH = YES;
				SDKROOT = macosx;
				SWIFT_COMPILATION_MODE = wholemodule;
				SWIFT_OPTIMIZATION_LEVEL = "-O";
			};
			name = Release;
		};
		C10ACD5624806DBE0013A04D /* Debug */ = {
			isa = XCBuildConfiguration;
			buildSettings = {
				ASSETCATALOG_COMPILER_APPICON_NAME = AppIcon;
				CODE_SIGN_ENTITLEMENTS = Curator/Curator.entitlements;
				CODE_SIGN_STYLE = Automatic;
				COMBINE_HIDPI_IMAGES = YES;
				DEVELOPMENT_TEAM = CTB5R79WAE;
				ENABLE_HARDENED_RUNTIME = YES;
				INFOPLIST_FILE = Curator/Info.plist;
				LD_RUNPATH_SEARCH_PATHS = (
					"$(inherited)",
					"@executable_path/../Frameworks",
				);
				PRODUCT_BUNDLE_IDENTIFIER = com.ioslab.Curator;
				PRODUCT_NAME = "$(TARGET_NAME)";
				SWIFT_VERSION = 5.0;
			};
			name = Debug;
		};
		C10ACD5724806DBE0013A04D /* Release */ = {
			isa = XCBuildConfiguration;
			buildSettings = {
				ASSETCATALOG_COMPILER_APPICON_NAME = AppIcon;
				CODE_SIGN_ENTITLEMENTS = Curator/Curator.entitlements;
				CODE_SIGN_STYLE = Automatic;
				COMBINE_HIDPI_IMAGES = YES;
				DEVELOPMENT_TEAM = CTB5R79WAE;
				ENABLE_HARDENED_RUNTIME = YES;
				INFOPLIST_FILE = Curator/Info.plist;
				LD_RUNPATH_SEARCH_PATHS = (
					"$(inherited)",
					"@executable_path/../Frameworks",
				);
				PRODUCT_BUNDLE_IDENTIFIER = com.ioslab.Curator;
				PRODUCT_NAME = "$(TARGET_NAME)";
				SWIFT_VERSION = 5.0;
			};
			name = Release;
		};
/* End XCBuildConfiguration section */

/* Begin XCConfigurationList section */
		C10ACD4024806DB20013A04D /* Build configuration list for PBXProject "Curator" */ = {
			isa = XCConfigurationList;
			buildConfigurations = (
				C10ACD5324806DBE0013A04D /* Debug */,
				C10ACD5424806DBE0013A04D /* Release */,
			);
			defaultConfigurationIsVisible = 0;
			defaultConfigurationName = Release;
		};
		C10ACD5524806DBE0013A04D /* Build configuration list for PBXNativeTarget "Curator" */ = {
			isa = XCConfigurationList;
			buildConfigurations = (
				C10ACD5624806DBE0013A04D /* Debug */,
				C10ACD5724806DBE0013A04D /* Release */,
			);
			defaultConfigurationIsVisible = 0;
			defaultConfigurationName = Release;
		};
/* End XCConfigurationList section */
	};
	rootObject = C10ACD3D24806DB20013A04D /* Project object */;
}
